
Microsoft Visual Studio Solution File, Format Version 12.00
Project("{FAE04EC0-301F-11D3-BF4B-00C04F79EFBC}") = "SmartEssayChecker.API", "SmartEssayChecker.API\SmartEssayChecker.API.csproj", "{B1DC8477-11DE-4E43-8CA6-43B1BDF86C51}"
EndProject
Global
	GlobalSection(SolutionConfigurationPlatforms) = preSolution
		Debug|Any CPU = Debug|Any CPU
		Release|Any CPU = Release|Any CPU
	EndGlobalSection
	GlobalSection(ProjectConfigurationPlatforms) = postSolution
		{B1DC8477-11DE-4E43-8CA6-43B1BDF86C51}.Debug|Any CPU.ActiveCfg = Debug|Any CPU
		{B1DC8477-11DE-4E43-8CA6-43B1BDF86C51}.Debug|Any CPU.Build.0 = Debug|Any CPU
		{B1DC8477-11DE-4E43-8CA6-43B1BDF86C51}.Release|Any CPU.ActiveCfg = Release|Any CPU
		{B1DC8477-11DE-4E43-8CA6-43B1BDF86C51}.Release|Any CPU.Build.0 = Release|Any CPU
	EndGlobalSection
EndGlobal
